
Microsoft Visual Studio Solution File, Format Version 12.00
# Visual Studio Version 17
VisualStudioVersion = 17.3.32825.248
MinimumVisualStudioVersion = 10.0.40219.1
Project("{FAE04EC0-301F-11D3-BF4B-00C04F79EFBC}") = "chatbot-with-openai", "chatbot-with-openai\chatbot-with-openai.csproj", "{A8AAF8E0-3ACA-4F21-A4CC-0F30CB99943E}"
EndProject
Global
	GlobalSection(SolutionConfigurationPlatforms) = preSolution
		Debug|Any CPU = Debug|Any CPU
		Release|Any CPU = Release|Any CPU
	EndGlobalSection
	GlobalSection(ProjectConfigurationPlatforms) = postSolution
		{A8AAF8E0-3ACA-4F21-A4CC-0F30CB99943E}.Debug|Any CPU.ActiveCfg = Debug|Any CPU
		{A8AAF8E0-3ACA-4F21-A4CC-0F30CB99943E}.Debug|Any CPU.Build.0 = Debug|Any CPU
		{A8AAF8E0-3ACA-4F21-A4CC-0F30CB99943E}.Release|Any CPU.ActiveCfg = Release|Any CPU
		{A8AAF8E0-3ACA-4F21-A4CC-0F30CB99943E}.Release|Any CPU.Build.0 = Release|Any CPU
	EndGlobalSection
	GlobalSection(SolutionProperties) = preSolution
		HideSolutionNode = FALSE
	EndGlobalSection
	GlobalSection(ExtensibilityGlobals) = postSolution
		SolutionGuid = {BF19668D-CC78-4F05-B418-178C86D55EAF}
	EndGlobalSection
EndGlobal
